
Microsoft Visual Studio Solution File, Format Version 12.00
# Visual Studio 14
VisualStudioVersion = 14.0.25420.1
MinimumVisualStudioVersion = 10.0.40219.1
Project("{2150E333-8FDC-42A3-9474-1A3956D46DE8}") = "Solution Items", "Solution Items", "{7CE20984-A9B9-4835-A0FD-C99F567D9573}"
	ProjectSection(SolutionItems) = preProject
		achievement.xml = achievement.xml
		broadcast.xml = broadcast.xml
		characterinfo.xml = characterinfo.xml
		characterlevel.xml = characterlevel.xml
		currency.xml = currency.xml
		destiny.xml = destiny.xml
		dna_relic.xml = dna_relic.xml
		equipfusion.xml = equipfusion.xml
		equipmentcraft.xml = equipmentcraft.xml
		equipmentupgrade.xml = equipmentupgrade.xml
		exchangeshop.xml = exchangeshop.xml
		experience.xml = experience.xml
		guild.xml = guild.xml
		guilocalization.xml = guilocalization.xml
		hero.xml = hero.xml
		item.xml = item.xml
		jobsect.xml = jobsect.xml
		level.xml = level.xml
		loot.xml = loot.xml
		lottery.xml = lottery.xml
		mail.xml = mail.xml
		miscellaneous.xml = miscellaneous.xml
		npc.xml = npc.xml
		onsen.xml = onsen.xml
		party.xml = party.xml
		powerup.xml = powerup.xml
		presentation.xml = presentation.xml
		quest.xml = quest.xml
		questextrareward.xml = questextrareward.xml
		respawn.xml = respawn.xml
		reward.xml = reward.xml
		schema.xsd = schema.xsd
		sevendays.xml = sevendays.xml
		shop.xml = shop.xml
		skills.xml = skills.xml
		teleportnpclist.xml = teleportnpclist.xml
		topup.xml = topup.xml
		Tutorial.xml = Tutorial.xml
		types.xml = types.xml
		welfare.xml = welfare.xml
		wordfilter.xml = wordfilter.xml
	EndProjectSection
EndProject
Global
	GlobalSection(SolutionProperties) = preSolution
		HideSolutionNode = FALSE
	EndGlobalSection
EndGlobal
