
Microsoft Visual Studio Solution File, Format Version 12.00
# Visual Studio 2015
Project("{FAE04EC0-301F-11D3-BF4B-00C04F79EFBC}") = "zdspclient", "zdspclient.csproj", "{3F267896-0568-8742-4B90-725FCF412AEA}"
EndProject
Project("{FAE04EC0-301F-11D3-BF4B-00C04F79EFBC}") = "zdspclient.Plugins", "zdspclient.Plugins.csproj", "{80F8E9A4-CCC1-7779-80F6-A5214BEFFAFA}"
EndProject
Project("{FAE04EC0-301F-11D3-BF4B-00C04F79EFBC}") = "zdspclient.Editor", "zdspclient.Editor.csproj", "{9AE74C44-B65A-51A3-DE46-F69945E4788C}"
EndProject
Project("{FAE04EC0-301F-11D3-BF4B-00C04F79EFBC}") = "zdspclient.Editor.Plugins", "zdspclient.Editor.Plugins.csproj", "{B278B5CE-6D85-4149-A435-3C4B50F04CA6}"
EndProject
Global
	GlobalSection(SolutionConfigurationPlatforms) = preSolution
		Debug|Any CPU = Debug|Any CPU
		Release|Any CPU = Release|Any CPU
	EndGlobalSection
	GlobalSection(ProjectConfigurationPlatforms) = postSolution
		{3F267896-0568-8742-4B90-725FCF412AEA}.Debug|Any CPU.ActiveCfg = Debug|Any CPU
		{3F267896-0568-8742-4B90-725FCF412AEA}.Debug|Any CPU.Build.0 = Debug|Any CPU
		{3F267896-0568-8742-4B90-725FCF412AEA}.Release|Any CPU.ActiveCfg = Release|Any CPU
		{3F267896-0568-8742-4B90-725FCF412AEA}.Release|Any CPU.Build.0 = Release|Any CPU
		{80F8E9A4-CCC1-7779-80F6-A5214BEFFAFA}.Debug|Any CPU.ActiveCfg = Debug|Any CPU
		{80F8E9A4-CCC1-7779-80F6-A5214BEFFAFA}.Debug|Any CPU.Build.0 = Debug|Any CPU
		{80F8E9A4-CCC1-7779-80F6-A5214BEFFAFA}.Release|Any CPU.ActiveCfg = Release|Any CPU
		{80F8E9A4-CCC1-7779-80F6-A5214BEFFAFA}.Release|Any CPU.Build.0 = Release|Any CPU
		{9AE74C44-B65A-51A3-DE46-F69945E4788C}.Debug|Any CPU.ActiveCfg = Debug|Any CPU
		{9AE74C44-B65A-51A3-DE46-F69945E4788C}.Debug|Any CPU.Build.0 = Debug|Any CPU
		{9AE74C44-B65A-51A3-DE46-F69945E4788C}.Release|Any CPU.ActiveCfg = Release|Any CPU
		{9AE74C44-B65A-51A3-DE46-F69945E4788C}.Release|Any CPU.Build.0 = Release|Any CPU
		{B278B5CE-6D85-4149-A435-3C4B50F04CA6}.Debug|Any CPU.ActiveCfg = Debug|Any CPU
		{B278B5CE-6D85-4149-A435-3C4B50F04CA6}.Debug|Any CPU.Build.0 = Debug|Any CPU
		{B278B5CE-6D85-4149-A435-3C4B50F04CA6}.Release|Any CPU.ActiveCfg = Release|Any CPU
		{B278B5CE-6D85-4149-A435-3C4B50F04CA6}.Release|Any CPU.Build.0 = Release|Any CPU
	EndGlobalSection
	GlobalSection(SolutionProperties) = preSolution
		HideSolutionNode = FALSE
	EndGlobalSection
EndGlobal
